
Microsoft Visual Studio Solution File, Format Version 12.00
# Visual Studio Version 17
VisualStudioVersion = 17.2.32602.215
MinimumVisualStudioVersion = 10.0.40219.1
Project("{FAE04EC0-301F-11D3-BF4B-00C04F79EFBC}") = "ConsoleApp1", "ConsoleApp1.csproj", "{8913BD4C-851F-4AE0-98C4-36040D7AAF75}"
EndProject
Global
	GlobalSection(SolutionConfigurationPlatforms) = preSolution
		Debug|Any CPU = Debug|Any CPU
		Release|Any CPU = Release|Any CPU
	EndGlobalSection
	GlobalSection(ProjectConfigurationPlatforms) = postSolution
		{8913BD4C-851F-4AE0-98C4-36040D7AAF75}.Debug|Any CPU.ActiveCfg = Debug|Any CPU
		{8913BD4C-851F-4AE0-98C4-36040D7AAF75}.Debug|Any CPU.Build.0 = Debug|Any CPU
		{8913BD4C-851F-4AE0-98C4-36040D7AAF75}.Release|Any CPU.ActiveCfg = Release|Any CPU
		{8913BD4C-851F-4AE0-98C4-36040D7AAF75}.Release|Any CPU.Build.0 = Release|Any CPU
	EndGlobalSection
	GlobalSection(SolutionProperties) = preSolution
		HideSolutionNode = FALSE
	EndGlobalSection
	GlobalSection(ExtensibilityGlobals) = postSolution
		SolutionGuid = {E8863A6B-FED9-47C5-911F-5F08F3B34510}
	EndGlobalSection
EndGlobal
